<?xml version="1.0" encoding="UTF-8"?>
<CONFIG>
  <ProjectOptions>
    <Version Value="9"/>
    <PathDelim Value="\"/>
    <General>
      <Flags>
        <MainUnitHasCreateFormStatements Value="False"/>
      </Flags>
      <MainUnit Value="0"/>
      <UseXPManifest Value="True"/>
      <Icon Value="0"/>
    </General>
    <PublishOptions>
      <Version Value="2"/>
      <IncludeFileFilter Value="*.(pas|pp|inc|lfm|lpr|lrs|lpi|lpk|sh|xml)"/>
      <ExcludeFileFilter Value="*.(bak|ppu|o|so);*~;backup"/>
    </PublishOptions>
    <RunParams>
      <local>
        <FormatVersion Value="1"/>
      </local>
    </RunParams>
    <Units Count="9">
      <Unit0>
        <Filename Value="karel.lpr"/>
        <IsPartOfProject Value="True"/>
        <UnitName Value="karel"/>
        <UsageCount Value="20"/>
      </Unit0>
      <Unit1>
        <Filename Value="NativeXml.pas"/>
        <UnitName Value="NativeXml"/>
        <UsageCount Value="10"/>
      </Unit1>
      <Unit2>
        <Filename Value="UKMundo.pas"/>
        <UnitName Value="UKMundo"/>
        <UsageCount Value="10"/>
      </Unit2>
      <Unit3>
        <Filename Value="UKEntorno.pas"/>
        <UnitName Value="UKEntorno"/>
        <UsageCount Value="10"/>
      </Unit3>
      <Unit4>
        <Filename Value="sdStringTable.pas"/>
        <UnitName Value="sdStringTable"/>
        <UsageCount Value="10"/>
      </Unit4>
      <Unit5>
        <Filename Value="sdDebug.pas"/>
        <UnitName Value="sdDebug"/>
        <UsageCount Value="10"/>
      </Unit5>
      <Unit6>
        <Filename Value="sdSortedLists.pas"/>
        <UnitName Value="sdSortedLists"/>
        <UsageCount Value="10"/>
      </Unit6>
      <Unit7>
        <Filename Value="sdStreams.pas"/>
        <UnitName Value="sdStreams"/>
        <UsageCount Value="10"/>
      </Unit7>
      <Unit8>
        <Filename Value="NativeXmlWin32Compat.pas"/>
        <UnitName Value="NativeXmlWin32Compat"/>
        <UsageCount Value="10"/>
      </Unit8>
    </Units>
    <JumpHistory Count="0" HistoryIndex="-1"/>
  </ProjectOptions>
  <CompilerOptions>
    <Version Value="11"/>
    <PathDelim Value="\"/>
    <Target>
      <Filename Value="karel"/>
    </Target>
    <SearchPaths>
      <IncludeFiles Value="$(ProjOutDir)"/>
      <UnitOutputDirectory Value="lib\$(TargetCPU)-$(TargetOS)"/>
    </SearchPaths>
    <Parsing>
      <SyntaxOptions>
        <SyntaxMode Value="objfpc"/>
        <CStyleOperator Value="True"/>
        <UseAnsiStrings Value="True"/>
      </SyntaxOptions>
    </Parsing>
    <CodeGeneration>
      <TargetCPU Value="x86_64"/>
      <TargetOS Value="linux"/>
    </CodeGeneration>
    <Other>
      <CompilerPath Value="$(CompPath)"/>
    </Other>
  </CompilerOptions>
  <Debugging>
    <Exceptions Count="3">
      <Item1>
        <Name Value="EAbort"/>
      </Item1>
      <Item2>
        <Name Value="ECodetoolError"/>
      </Item2>
      <Item3>
        <Name Value="EFOpenError"/>
      </Item3>
    </Exceptions>
  </Debugging>
  <EditorMacros Count="0"/>
</CONFIG>
